// !$*UTF8*$!
{
	archiveVersion = 1;
	classes = {
	};
	objectVersion = 55;
	objects = {

/* Begin PBXBuildFile section */
		E7F07C8E28CF0FAE00EC174C /* CardInfoApp.swift in Sources */ = {isa = PBXBuildFile; fileRef = E7F07C8D28CF0FAE00EC174C /* CardInfoApp.swift */; };
		E7F07C9028CF0FAE00EC174C /* ContentView.swift in Sources */ = {isa = PBXBuildFile; fileRef = E7F07C8F28CF0FAE00EC174C /* ContentView.swift */; };
		E7F07C9228CF0FAF00EC174C /* Assets.xcassets in Resources */ = {isa = PBXBuildFile; fileRef = E7F07C9128CF0FAF00EC174C /* Assets.xcassets */; };
		E7F07C9528CF0FAF00EC174C /* Preview Assets.xcassets in Resources */ = {isa = PBXBuildFile; fileRef = E7F07C9428CF0FAF00EC174C /* Preview Assets.xcassets */; };
		E7F07C9D28CF0FC300EC174C /* CardInfoDB.xcdatamodeld in Sources */ = {isa = PBXBuildFile; fileRef = E7F07C9B28CF0FC300EC174C /* CardInfoDB.xcdatamodeld */; };
		E7F07C9F28CF132D00EC174C /* Persistent.swift in Sources */ = {isa = PBXBuildFile; fileRef = E7F07C9E28CF132D00EC174C /* Persistent.swift */; };
/* End PBXBuildFile section */

/* Begin PBXFileReference section */
		E7F07C8A28CF0FAE00EC174C /* CardInfo.app */ = {isa = PBXFileReference; explicitFileType = wrapper.application; includeInIndex = 0; path = CardInfo.app; sourceTree = BUILT_PRODUCTS_DIR; };
		E7F07C8D28CF0FAE00EC174C /* CardInfoApp.swift */ = {isa = PBXFileReference; lastKnownFileType = sourcecode.swift; path = CardInfoApp.swift; sourceTree = "<group>"; };
		E7F07C8F28CF0FAE00EC174C /* ContentView.swift */ = {isa = PBXFileReference; lastKnownFileType = sourcecode.swift; path = ContentView.swift; sourceTree = "<group>"; };
		E7F07C9128CF0FAF00EC174C /* Assets.xcassets */ = {isa = PBXFileReference; lastKnownFileType = folder.assetcatalog; path = Assets.xcassets; sourceTree = "<group>"; };
		E7F07C9428CF0FAF00EC174C /* Preview Assets.xcassets */ = {isa = PBXFileReference; lastKnownFileType = folder.assetcatalog; path = "Preview Assets.xcassets"; sourceTree = "<group>"; };
		E7F07C9C28CF0FC300EC174C /* CardInfo.xcdatamodel */ = {isa = PBXFileReference; lastKnownFileType = wrapper.xcdatamodel; path = CardInfo.xcdatamodel; sourceTree = "<group>"; };
		E7F07C9E28CF132D00EC174C /* Persistent.swift */ = {isa = PBXFileReference; lastKnownFileType = sourcecode.swift; path = Persistent.swift; sourceTree = "<group>"; };
/* End PBXFileReference section */

/* Begin PBXFrameworksBuildPhase section */
		E7F07C8728CF0FAE00EC174C /* Frameworks */ = {
			isa = PBXFrameworksBuildPhase;
			buildActionMask = 2147483647;
			files = (
			);
			runOnlyForDeploymentPostprocessing = 0;
		};
/* End PBXFrameworksBuildPhase section */

/* Begin PBXGroup section */
		E7F07C8128CF0FAE00EC174C = {
			isa = PBXGroup;
			children = (
				E7F07C8C28CF0FAE00EC174C /* CardInfo */,
				E7F07C8B28CF0FAE00EC174C /* Products */,
			);
			sourceTree = "<group>";
		};
		E7F07C8B28CF0FAE00EC174C /* Products */ = {
			isa = PBXGroup;
			children = (
				E7F07C8A28CF0FAE00EC174C /* CardInfo.app */,
			);
			name = Products;
			sourceTree = "<group>";
		};
		E7F07C8C28CF0FAE00EC174C /* CardInfo */ = {
			isa = PBXGroup;
			children = (
				E7F07C8D28CF0FAE00EC174C /* CardInfoApp.swift */,
				E7F07C9E28CF132D00EC174C /* Persistent.swift */,
				E7F07C8F28CF0FAE00EC174C /* ContentView.swift */,
				E7F07C9B28CF0FC300EC174C /* CardInfoDB.xcdatamodeld */,
				E7F07C9128CF0FAF00EC174C /* Assets.xcassets */,
				E7F07C9328CF0FAF00EC174C /* Preview Content */,
			);
			path = CardInfo;
			sourceTree = "<group>";
		};
		E7F07C9328CF0FAF00EC174C /* Preview Content */ = {
			isa = PBXGroup;
			children = (
				E7F07C9428CF0FAF00EC174C /* Preview Assets.xcassets */,
			);
			path = "Preview Content";
			sourceTree = "<group>";
		};
/* End PBXGroup section */

/* Begin PBXNativeTarget section */
		E7F07C8928CF0FAE00EC174C /* CardInfo */ = {
			isa = PBXNativeTarget;
			buildConfigurationList = E7F07C9828CF0FAF00EC174C /* Build configuration list for PBXNativeTarget "CardInfo" */;
			buildPhases = (
				E7F07C8628CF0FAE00EC174C /* Sources */,
				E7F07C8728CF0FAE00EC174C /* Frameworks */,
				E7F07C8828CF0FAE00EC174C /* Resources */,
			);
			buildRules = (
			);
			dependencies = (
			);
			name = CardInfo;
			productName = CardInfo;
			productReference = E7F07C8A28CF0FAE00EC174C /* CardInfo.app */;
			productType = "com.apple.product-type.application";
		};
/* End PBXNativeTarget section */

/* Begin PBXProject section */
		E7F07C8228CF0FAE00EC174C /* Project object */ = {
			isa = PBXProject;
			attributes = {
				BuildIndependentTargetsInParallel = 1;
				LastSwiftUpdateCheck = 1340;
				LastUpgradeCheck = 1340;
				TargetAttributes = {
					E7F07C8928CF0FAE00EC174C = {
						CreatedOnToolsVersion = 13.4.1;
					};
				};
			};
			buildConfigurationList = E7F07C8528CF0FAE00EC174C /* Build configuration list for PBXProject "CardInfo" */;
			compatibilityVersion = "Xcode 13.0";
			developmentRegion = en;
			hasScannedForEncodings = 0;
			knownRegions = (
				en,
				Base,
			);
			mainGroup = E7F07C8128CF0FAE00EC174C;
			productRefGroup = E7F07C8B28CF0FAE00EC174C /* Products */;
			projectDirPath = "";
			projectRoot = "";
			targets = (
				E7F07C8928CF0FAE00EC174C /* CardInfo */,
			);
		};
/* End PBXProject section */

/* Begin PBXResourcesBuildPhase section */
		E7F07C8828CF0FAE00EC174C /* Resources */ = {
			isa = PBXResourcesBuildPhase;
			buildActionMask = 2147483647;
			files = (
				E7F07C9528CF0FAF00EC174C /* Preview Assets.xcassets in Resources */,
				E7F07C9228CF0FAF00EC174C /* Assets.xcassets in Resources */,
			);
			runOnlyForDeploymentPostprocessing = 0;
		};
/* End PBXResourcesBuildPhase section */

/* Begin PBXSourcesBuildPhase section */
		E7F07C8628CF0FAE00EC174C /* Sources */ = {
			isa = PBXSourcesBuildPhase;
			buildActionMask = 2147483647;
			files = (
				E7F07C9F28CF132D00EC174C /* Persistent.swift in Sources */,
				E7F07C9028CF0FAE00EC174C /* ContentView.swift in Sources */,
				E7F07C9D28CF0FC300EC174C /* CardInfoDB.xcdatamodeld in Sources */,
				E7F07C8E28CF0FAE00EC174C /* CardInfoApp.swift in Sources */,
			);
			runOnlyForDeploymentPostprocessing = 0;
		};
/* End PBXSourcesBuildPhase section */

/* Begin XCBuildConfiguration section */
		E7F07C9628CF0FAF00EC174C /* Debug */ = {
			isa = XCBuildConfiguration;
			buildSettings = {
				ALWAYS_SEARCH_USER_PATHS = NO;
				CLANG_ANALYZER_NONNULL = YES;
				CLANG_ANALYZER_NUMBER_OBJECT_CONVERSION = YES_AGGRESSIVE;
				CLANG_CXX_LANGUAGE_STANDARD = "gnu++17";
				CLANG_ENABLE_MODULES = YES;
				CLANG_ENABLE_OBJC_ARC = YES;
				CLANG_ENABLE_OBJC_WEAK = YES;
				CLANG_WARN_BLOCK_CAPTURE_AUTORELEASING = YES;
				CLANG_WARN_BOOL_CONVERSION = YES;
				CLANG_WARN_COMMA = YES;
				CLANG_WARN_CONSTANT_CONVERSION = YES;
				CLANG_WARN_DEPRECATED_OBJC_IMPLEMENTATIONS = YES;
				CLANG_WARN_DIRECT_OBJC_ISA_USAGE = YES_ERROR;
				CLANG_WARN_DOCUMENTATION_COMMENTS = YES;
				CLANG_WARN_EMPTY_BODY = YES;
				CLANG_WARN_ENUM_CONVERSION = YES;
				CLANG_WARN_INFINITE_RECURSION = YES;
				CLANG_WARN_INT_CONVERSION = YES;
				CLANG_WARN_NON_LITERAL_NULL_CONVERSION = YES;
				CLANG_WARN_OBJC_IMPLICIT_RETAIN_SELF = YES;
				CLANG_WARN_OBJC_LITERAL_CONVERSION = YES;
				CLANG_WARN_OBJC_ROOT_CLASS = YES_ERROR;
				CLANG_WARN_QUOTED_INCLUDE_IN_FRAMEWORK_HEADER = YES;
				CLANG_WARN_RANGE_LOOP_ANALYSIS = YES;
				CLANG_WARN_STRICT_PROTOTYPES = YES;
				CLANG_WARN_SUSPICIOUS_MOVE = YES;
				CLANG_WARN_UNGUARDED_AVAILABILITY = YES_AGGRESSIVE;
				CLANG_WARN_UNREACHABLE_CODE = YES;
				CLANG_WARN__DUPLICATE_METHOD_MATCH = YES;
				COPY_PHASE_STRIP = NO;
				DEBUG_INFORMATION_FORMAT = dwarf;
				ENABLE_STRICT_OBJC_MSGSEND = YES;
				ENABLE_TESTABILITY = YES;
				GCC_C_LANGUAGE_STANDARD = gnu11;
				GCC_DYNAMIC_NO_PIC = NO;
				GCC_NO_COMMON_BLOCKS = YES;
				GCC_OPTIMIZATION_LEVEL = 0;
				GCC_PREPROCESSOR_DEFINITIONS = (
					"DEBUG=1",
					"$(inherited)",
				);
				GCC_WARN_64_TO_32_BIT_CONVERSION = YES;
				GCC_WARN_ABOUT_RETURN_TYPE = YES_ERROR;
				GCC_WARN_UNDECLARED_SELECTOR = YES;
				GCC_WARN_UNINITIALIZED_AUTOS = YES_AGGRESSIVE;
				GCC_WARN_UNUSED_FUNCTION = YES;
				GCC_WARN_UNUSED_VARIABLE = YES;
				IPHONEOS_DEPLOYMENT_TARGET = 15.5;
				MTL_ENABLE_DEBUG_INFO = INCLUDE_SOURCE;
				MTL_FAST_MATH = YES;
				ONLY_ACTIVE_ARCH = YES;
				SDKROOT = iphoneos;
				SWIFT_ACTIVE_COMPILATION_CONDITIONS = DEBUG;
				SWIFT_OPTIMIZATION_LEVEL = "-Onone";
			};
			name = Debug;
		};
		E7F07C9728CF0FAF00EC174C /* Release */ = {
			isa = XCBuildConfiguration;
			buildSettings = {
				ALWAYS_SEARCH_USER_PATHS = NO;
				CLANG_ANALYZER_NONNULL = YES;
				CLANG_ANALYZER_NUMBER_OBJECT_CONVERSION = YES_AGGRESSIVE;
				CLANG_CXX_LANGUAGE_STANDARD = "gnu++17";
				CLANG_ENABLE_MODULES = YES;
				CLANG_ENABLE_OBJC_ARC = YES;
				CLANG_ENABLE_OBJC_WEAK = YES;
				CLANG_WARN_BLOCK_CAPTURE_AUTORELEASING = YES;
				CLANG_WARN_BOOL_CONVERSION = YES;
				CLANG_WARN_COMMA = YES;
				CLANG_WARN_CONSTANT_CONVERSION = YES;
				CLANG_WARN_DEPRECATED_OBJC_IMPLEMENTATIONS = YES;
				CLANG_WARN_DIRECT_OBJC_ISA_USAGE = YES_ERROR;
				CLANG_WARN_DOCUMENTATION_COMMENTS = YES;
				CLANG_WARN_EMPTY_BODY = YES;
				CLANG_WARN_ENUM_CONVERSION = YES;
				CLANG_WARN_INFINITE_RECURSION = YES;
				CLANG_WARN_INT_CONVERSION = YES;
				CLANG_WARN_NON_LITERAL_NULL_CONVERSION = YES;
				CLANG_WARN_OBJC_IMPLICIT_RETAIN_SELF = YES;
				CLANG_WARN_OBJC_LITERAL_CONVERSION = YES;
				CLANG_WARN_OBJC_ROOT_CLASS = YES_ERROR;
				CLANG_WARN_QUOTED_INCLUDE_IN_FRAMEWORK_HEADER = YES;
				CLANG_WARN_RANGE_LOOP_ANALYSIS = YES;
				CLANG_WARN_STRICT_PROTOTYPES = YES;
				CLANG_WARN_SUSPICIOUS_MOVE = YES;
				CLANG_WARN_UNGUARDED_AVAILABILITY = YES_AGGRESSIVE;
				CLANG_WARN_UNREACHABLE_CODE = YES;
				CLANG_WARN__DUPLICATE_METHOD_MATCH = YES;
				COPY_PHASE_STRIP = NO;
				DEBUG_INFORMATION_FORMAT = "dwarf-with-dsym";
				ENABLE_NS_ASSERTIONS = NO;
				ENABLE_STRICT_OBJC_MSGSEND = YES;
				GCC_C_LANGUAGE_STANDARD = gnu11;
				GCC_NO_COMMON_BLOCKS = YES;
				GCC_WARN_64_TO_32_BIT_CONVERSION = YES;
				GCC_WARN_ABOUT_RETURN_TYPE = YES_ERROR;
				GCC_WARN_UNDECLARED_SELECTOR = YES;
				GCC_WARN_UNINITIALIZED_AUTOS = YES_AGGRESSIVE;
				GCC_WARN_UNUSED_FUNCTION = YES;
				GCC_WARN_UNUSED_VARIABLE = YES;
				IPHONEOS_DEPLOYMENT_TARGET = 15.5;
				MTL_ENABLE_DEBUG_INFO = NO;
				MTL_FAST_MATH = YES;
				SDKROOT = iphoneos;
				SWIFT_COMPILATION_MODE = wholemodule;
				SWIFT_OPTIMIZATION_LEVEL = "-O";
				VALIDATE_PRODUCT = YES;
			};
			name = Release;
		};
		E7F07C9928CF0FAF00EC174C /* Debug */ = {
			isa = XCBuildConfiguration;
			buildSettings = {
				ASSETCATALOG_COMPILER_APPICON_NAME = AppIcon;
				ASSETCATALOG_COMPILER_GLOBAL_ACCENT_COLOR_NAME = AccentColor;
				CODE_SIGN_STYLE = Automatic;
				CURRENT_PROJECT_VERSION = 1;
				DEVELOPMENT_ASSET_PATHS = "\"CardInfo/Preview Content\"";
				DEVELOPMENT_TEAM = 5LAS9U3X25;
				ENABLE_PREVIEWS = YES;
				GENERATE_INFOPLIST_FILE = YES;
				INFOPLIST_KEY_UIApplicationSceneManifest_Generation = YES;
				INFOPLIST_KEY_UIApplicationSupportsIndirectInputEvents = YES;
				INFOPLIST_KEY_UILaunchScreen_Generation = YES;
				INFOPLIST_KEY_UISupportedInterfaceOrientations_iPad = "UIInterfaceOrientationPortrait UIInterfaceOrientationPortraitUpsideDown UIInterfaceOrientationLandscapeLeft UIInterfaceOrientationLandscapeRight";
				INFOPLIST_KEY_UISupportedInterfaceOrientations_iPhone = "UIInterfaceOrientationPortrait UIInterfaceOrientationLandscapeLeft UIInterfaceOrientationLandscapeRight";
				LD_RUNPATH_SEARCH_PATHS = (
					"$(inherited)",
					"@executable_path/Frameworks",
				);
				MARKETING_VERSION = 1.0;
				PRODUCT_BUNDLE_IDENTIFIER = com.hatenablog.mizomizo0515.CardInfo;
				PRODUCT_NAME = "$(TARGET_NAME)";
				SWIFT_EMIT_LOC_STRINGS = YES;
				SWIFT_VERSION = 5.0;
				TARGETED_DEVICE_FAMILY = "1,2";
			};
			name = Debug;
		};
		E7F07C9A28CF0FAF00EC174C /* Release */ = {
			isa = XCBuildConfiguration;
			buildSettings = {
				ASSETCATALOG_COMPILER_APPICON_NAME = AppIcon;
				ASSETCATALOG_COMPILER_GLOBAL_ACCENT_COLOR_NAME = AccentColor;
				CODE_SIGN_STYLE = Automatic;
				CURRENT_PROJECT_VERSION = 1;
				DEVELOPMENT_ASSET_PATHS = "\"CardInfo/Preview Content\"";
				DEVELOPMENT_TEAM = 5LAS9U3X25;
				ENABLE_PREVIEWS = YES;
				GENERATE_INFOPLIST_FILE = YES;
				INFOPLIST_KEY_UIApplicationSceneManifest_Generation = YES;
				INFOPLIST_KEY_UIApplicationSupportsIndirectInputEvents = YES;
				INFOPLIST_KEY_UILaunchScreen_Generation = YES;
				INFOPLIST_KEY_UISupportedInterfaceOrientations_iPad = "UIInterfaceOrientationPortrait UIInterfaceOrientationPortraitUpsideDown UIInterfaceOrientationLandscapeLeft UIInterfaceOrientationLandscapeRight";
				INFOPLIST_KEY_UISupportedInterfaceOrientations_iPhone = "UIInterfaceOrientationPortrait UIInterfaceOrientationLandscapeLeft UIInterfaceOrientationLandscapeRight";
				LD_RUNPATH_SEARCH_PATHS = (
					"$(inherited)",
					"@executable_path/Frameworks",
				);
				MARKETING_VERSION = 1.0;
				PRODUCT_BUNDLE_IDENTIFIER = com.hatenablog.mizomizo0515.CardInfo;
				PRODUCT_NAME = "$(TARGET_NAME)";
				SWIFT_EMIT_LOC_STRINGS = YES;
				SWIFT_VERSION = 5.0;
				TARGETED_DEVICE_FAMILY = "1,2";
			};
			name = Release;
		};
/* End XCBuildConfiguration section */

/* Begin XCConfigurationList section */
		E7F07C8528CF0FAE00EC174C /* Build configuration list for PBXProject "CardInfo" */ = {
			isa = XCConfigurationList;
			buildConfigurations = (
				E7F07C9628CF0FAF00EC174C /* Debug */,
				E7F07C9728CF0FAF00EC174C /* Release */,
			);
			defaultConfigurationIsVisible = 0;
			defaultConfigurationName = Release;
		};
		E7F07C9828CF0FAF00EC174C /* Build configuration list for PBXNativeTarget "CardInfo" */ = {
			isa = XCConfigurationList;
			buildConfigurations = (
				E7F07C9928CF0FAF00EC174C /* Debug */,
				E7F07C9A28CF0FAF00EC174C /* Release */,
			);
			defaultConfigurationIsVisible = 0;
			defaultConfigurationName = Release;
		};
/* End XCConfigurationList section */

/* Begin XCVersionGroup section */
		E7F07C9B28CF0FC300EC174C /* CardInfoDB.xcdatamodeld */ = {
			isa = XCVersionGroup;
			children = (
				E7F07C9C28CF0FC300EC174C /* CardInfo.xcdatamodel */,
			);
			currentVersion = E7F07C9C28CF0FC300EC174C /* CardInfo.xcdatamodel */;
			path = CardInfoDB.xcdatamodeld;
			sourceTree = "<group>";
			versionGroupType = wrapper.xcdatamodel;
		};
/* End XCVersionGroup section */
	};
	rootObject = E7F07C8228CF0FAE00EC174C /* Project object */;
}
